{
  "version": 4,
  "terraform_version": "1.12.2",
  "serial": 3,
  "lineage": "e34049d7-b852-d8ba-a56f-d3ab064438ee",
  "outputs": {
    "job_name": {
      "value": "bash-script-job",
      "type": "string"
    }
  },
  "resources": [
    {
      "mode": "managed",
      "type": "google_cloud_run_v2_job",
      "name": "bash_job",
      "provider": "provider[\"registry.terraform.io/hashicorp/google\"]",
      "instances": [
        {
          "status": "tainted",
          "schema_version": 0,
          "attributes": {
            "annotations": null,
            "binary_authorization": [],
            "client": null,
            "client_version": null,
            "conditions": null,
            "create_time": null,
            "creator": null,
            "delete_time": null,
            "effective_annotations": null,
            "effective_labels": null,
            "etag": null,
            "execution_count": null,
            "expire_time": null,
            "generation": null,
            "id": "projects/true-etching-426207-p8/locations/us-central1/jobs/bash-script-job",
            "labels": null,
            "last_modifier": null,
            "latest_created_execution": null,
            "launch_stage": null,
            "location": "us-central1",
            "name": "bash-script-job",
            "observed_generation": null,
            "project": "true-etching-426207-p8",
            "reconciling": null,
            "template": [
              {
                "annotations": null,
                "labels": null,
                "parallelism": 0,
                "task_count": 0,
                "template": [
                  {
                    "containers": [
                      {
                        "args": null,
                        "command": null,
                        "env": [],
                        "image": "us-central1-docker.pkg.dev/true-etching-426207-p8/cloud-run-jobs/bash-job:latest",
                        "name": "",
                        "ports": [],
                        "resources": [
                          {
                            "limits": {
                              "cpu": "1",
                              "memory": "512Mi"
                            }
                          }
                        ],
                        "volume_mounts": [],
                        "working_dir": ""
                      }
                    ],
                    "encryption_key": "",
                    "execution_environment": "",
                    "max_retries": 1,
                    "service_account": "",
                    "timeout": "3600s",
                    "volumes": [],
                    "vpc_access": []
                  }
                ]
              }
            ],
            "terminal_condition": null,
            "terraform_labels": null,
            "timeouts": null,
            "uid": null,
            "update_time": null
          },
          "sensitive_attributes": [],
          "identity_schema_version": 0,
          "private": "eyJlMmJmYjczMC1lY2FhLTExZTYtOGY4OC0zNDM2M2JjN2M0YzAiOnsiY3JlYXRlIjoxMjAwMDAwMDAwMDAwLCJkZWxldGUiOjEyMDAwMDAwMDAwMDAsInVwZGF0ZSI6MTIwMDAwMDAwMDAwMH19"
        }
      ]
    }
  ],
  "check_results": null
}
